
Microsoft Visual Studio Solution File, Format Version 12.00
Project("{FAE04EC0-301F-11D3-BF4B-00C04F79EFBC}") = "APILern", "APILern\APILern.csproj", "{93F5A8A5-E00A-42FB-B4F7-519190469188}"
EndProject
Global
	GlobalSection(SolutionConfigurationPlatforms) = preSolution
		Debug|Any CPU = Debug|Any CPU
		Release|Any CPU = Release|Any CPU
	EndGlobalSection
	GlobalSection(ProjectConfigurationPlatforms) = postSolution
		{93F5A8A5-E00A-42FB-B4F7-519190469188}.Debug|Any CPU.ActiveCfg = Debug|Any CPU
		{93F5A8A5-E00A-42FB-B4F7-519190469188}.Debug|Any CPU.Build.0 = Debug|Any CPU
		{93F5A8A5-E00A-42FB-B4F7-519190469188}.Release|Any CPU.ActiveCfg = Release|Any CPU
		{93F5A8A5-E00A-42FB-B4F7-519190469188}.Release|Any CPU.Build.0 = Release|Any CPU
	EndGlobalSection
EndGlobal
